
Microsoft Visual Studio Solution File, Format Version 12.00
# Visual Studio Version 17
VisualStudioVersion = 17.10.35004.147
MinimumVisualStudioVersion = 10.0.40219.1
Project("{8BC9CEB8-8B4A-11D0-8D11-00A0C91BC942}") = "RPS.cpp", "RPS.cpp\RPS.cpp.vcxproj", "{0784F7D6-598C-4F8B-BAB2-F287305EB138}"
EndProject
Global
	GlobalSection(SolutionConfigurationPlatforms) = preSolution
		Debug|x64 = Debug|x64
		Debug|x86 = Debug|x86
		Release|x64 = Release|x64
		Release|x86 = Release|x86
	EndGlobalSection
	GlobalSection(ProjectConfigurationPlatforms) = postSolution
		{0784F7D6-598C-4F8B-BAB2-F287305EB138}.Debug|x64.ActiveCfg = Debug|x64
		{0784F7D6-598C-4F8B-BAB2-F287305EB138}.Debug|x64.Build.0 = Debug|x64
		{0784F7D6-598C-4F8B-BAB2-F287305EB138}.Debug|x86.ActiveCfg = Debug|Win32
		{0784F7D6-598C-4F8B-BAB2-F287305EB138}.Debug|x86.Build.0 = Debug|Win32
		{0784F7D6-598C-4F8B-BAB2-F287305EB138}.Release|x64.ActiveCfg = Release|x64
		{0784F7D6-598C-4F8B-BAB2-F287305EB138}.Release|x64.Build.0 = Release|x64
		{0784F7D6-598C-4F8B-BAB2-F287305EB138}.Release|x86.ActiveCfg = Release|Win32
		{0784F7D6-598C-4F8B-BAB2-F287305EB138}.Release|x86.Build.0 = Release|Win32
	EndGlobalSection
	GlobalSection(SolutionProperties) = preSolution
		HideSolutionNode = FALSE
	EndGlobalSection
	GlobalSection(ExtensibilityGlobals) = postSolution
		SolutionGuid = {D317FB4C-39FF-429E-BE85-9BE250A35B07}
	EndGlobalSection
EndGlobal
