<?xml version="1.0" encoding="utf-8"?>
<Project ToolsVersion="4.0" xmlns="http://schemas.microsoft.com/developer/msbuild/2003">
  <ItemGroup>
    <Filter Include="Domain">
      <UniqueIdentifier>{75471392-909b-41c4-a6ce-d5b6f8c3ee7a}</UniqueIdentifier>
    </Filter>
  </ItemGroup>
  <ItemGroup>
    <ClCompile Include="server.cpp">
      <Filter>Domain</Filter>
    </ClCompile>
  </ItemGroup>
</Project>